
Microsoft Visual Studio Solution File, Format Version 12.00
# Visual Studio 15
VisualStudioVersion = 15.0.27004.2005
MinimumVisualStudioVersion = 10.0.40219.1
Project("{FAE04EC0-301F-11D3-BF4B-00C04F79EFBC}") = "Tolik", "Tolik\Tolik.csproj", "{C0587409-DBB2-4E52-8FC6-59E34CE65EBB}"
EndProject
Global
	GlobalSection(SolutionConfigurationPlatforms) = preSolution
		Debug|Any CPU = Debug|Any CPU
		Release|Any CPU = Release|Any CPU
	EndGlobalSection
	GlobalSection(ProjectConfigurationPlatforms) = postSolution
		{C0587409-DBB2-4E52-8FC6-59E34CE65EBB}.Debug|Any CPU.ActiveCfg = Debug|Any CPU
		{C0587409-DBB2-4E52-8FC6-59E34CE65EBB}.Debug|Any CPU.Build.0 = Debug|Any CPU
		{C0587409-DBB2-4E52-8FC6-59E34CE65EBB}.Release|Any CPU.ActiveCfg = Release|Any CPU
		{C0587409-DBB2-4E52-8FC6-59E34CE65EBB}.Release|Any CPU.Build.0 = Release|Any CPU
	EndGlobalSection
	GlobalSection(SolutionProperties) = preSolution
		HideSolutionNode = FALSE
	EndGlobalSection
	GlobalSection(ExtensibilityGlobals) = postSolution
		SolutionGuid = {E207C97E-43AB-4EE5-9470-D93B231AD74B}
	EndGlobalSection
EndGlobal
