
Microsoft Visual Studio Solution File, Format Version 12.00
# Visual Studio 15
VisualStudioVersion = 15.0.27004.2005
MinimumVisualStudioVersion = 10.0.40219.1
Project("{FAE04EC0-301F-11D3-BF4B-00C04F79EFBC}") = "Form_triangles", "Form_triangles\Form_triangles.csproj", "{19C4F2AA-6835-4171-90CA-7570ABDFA06E}"
EndProject
Global
	GlobalSection(SolutionConfigurationPlatforms) = preSolution
		Debug|Any CPU = Debug|Any CPU
		Release|Any CPU = Release|Any CPU
	EndGlobalSection
	GlobalSection(ProjectConfigurationPlatforms) = postSolution
		{19C4F2AA-6835-4171-90CA-7570ABDFA06E}.Debug|Any CPU.ActiveCfg = Debug|Any CPU
		{19C4F2AA-6835-4171-90CA-7570ABDFA06E}.Debug|Any CPU.Build.0 = Debug|Any CPU
		{19C4F2AA-6835-4171-90CA-7570ABDFA06E}.Release|Any CPU.ActiveCfg = Release|Any CPU
		{19C4F2AA-6835-4171-90CA-7570ABDFA06E}.Release|Any CPU.Build.0 = Release|Any CPU
	EndGlobalSection
	GlobalSection(SolutionProperties) = preSolution
		HideSolutionNode = FALSE
	EndGlobalSection
	GlobalSection(ExtensibilityGlobals) = postSolution
		SolutionGuid = {19C2FCAF-F077-449C-AD6E-F4B5CA9645BA}
	EndGlobalSection
EndGlobal
