
Microsoft Visual Studio Solution File, Format Version 12.00
# Visual Studio 15
VisualStudioVersion = 15.0.27004.2005
MinimumVisualStudioVersion = 10.0.40219.1
Project("{FAE04EC0-301F-11D3-BF4B-00C04F79EFBC}") = "Form_Serpinskiy", "WindowsFormsApp293\Form_Serpinskiy.csproj", "{411F90B2-3747-4A92-9088-AF121F24A2A9}"
EndProject
Global
	GlobalSection(SolutionConfigurationPlatforms) = preSolution
		Debug|Any CPU = Debug|Any CPU
		Release|Any CPU = Release|Any CPU
	EndGlobalSection
	GlobalSection(ProjectConfigurationPlatforms) = postSolution
		{411F90B2-3747-4A92-9088-AF121F24A2A9}.Debug|Any CPU.ActiveCfg = Debug|Any CPU
		{411F90B2-3747-4A92-9088-AF121F24A2A9}.Debug|Any CPU.Build.0 = Debug|Any CPU
		{411F90B2-3747-4A92-9088-AF121F24A2A9}.Release|Any CPU.ActiveCfg = Release|Any CPU
		{411F90B2-3747-4A92-9088-AF121F24A2A9}.Release|Any CPU.Build.0 = Release|Any CPU
	EndGlobalSection
	GlobalSection(SolutionProperties) = preSolution
		HideSolutionNode = FALSE
	EndGlobalSection
	GlobalSection(ExtensibilityGlobals) = postSolution
		SolutionGuid = {352DAE87-5236-4CE2-A377-EC0E1B0EB6D0}
	EndGlobalSection
EndGlobal
