
Microsoft Visual Studio Solution File, Format Version 12.00
# Visual Studio 15
VisualStudioVersion = 15.0.27004.2005
MinimumVisualStudioVersion = 10.0.40219.1
Project("{FAE04EC0-301F-11D3-BF4B-00C04F79EFBC}") = "Turing2", "Turing2\Turing2.csproj", "{97EF9A6F-DF4E-4F1E-AEFE-8B1D0CD58A7F}"
EndProject
Global
	GlobalSection(SolutionConfigurationPlatforms) = preSolution
		Debug|Any CPU = Debug|Any CPU
		Release|Any CPU = Release|Any CPU
	EndGlobalSection
	GlobalSection(ProjectConfigurationPlatforms) = postSolution
		{97EF9A6F-DF4E-4F1E-AEFE-8B1D0CD58A7F}.Debug|Any CPU.ActiveCfg = Debug|Any CPU
		{97EF9A6F-DF4E-4F1E-AEFE-8B1D0CD58A7F}.Debug|Any CPU.Build.0 = Debug|Any CPU
		{97EF9A6F-DF4E-4F1E-AEFE-8B1D0CD58A7F}.Release|Any CPU.ActiveCfg = Release|Any CPU
		{97EF9A6F-DF4E-4F1E-AEFE-8B1D0CD58A7F}.Release|Any CPU.Build.0 = Release|Any CPU
	EndGlobalSection
	GlobalSection(SolutionProperties) = preSolution
		HideSolutionNode = FALSE
	EndGlobalSection
	GlobalSection(ExtensibilityGlobals) = postSolution
		SolutionGuid = {7A2A4BF3-43FF-4EAE-9C67-0BF3EB24B518}
	EndGlobalSection
EndGlobal
