
Microsoft Visual Studio Solution File, Format Version 12.00
# Visual Studio 15
VisualStudioVersion = 15.0.27004.2005
MinimumVisualStudioVersion = 10.0.40219.1
Project("{FAE04EC0-301F-11D3-BF4B-00C04F79EFBC}") = "FormLines", "FormLines\FormLines.csproj", "{EEB8163B-B03F-4C0E-923A-98058EC9351F}"
EndProject
Global
	GlobalSection(SolutionConfigurationPlatforms) = preSolution
		Debug|Any CPU = Debug|Any CPU
		Release|Any CPU = Release|Any CPU
	EndGlobalSection
	GlobalSection(ProjectConfigurationPlatforms) = postSolution
		{EEB8163B-B03F-4C0E-923A-98058EC9351F}.Debug|Any CPU.ActiveCfg = Debug|Any CPU
		{EEB8163B-B03F-4C0E-923A-98058EC9351F}.Debug|Any CPU.Build.0 = Debug|Any CPU
		{EEB8163B-B03F-4C0E-923A-98058EC9351F}.Release|Any CPU.ActiveCfg = Release|Any CPU
		{EEB8163B-B03F-4C0E-923A-98058EC9351F}.Release|Any CPU.Build.0 = Release|Any CPU
	EndGlobalSection
	GlobalSection(SolutionProperties) = preSolution
		HideSolutionNode = FALSE
	EndGlobalSection
	GlobalSection(ExtensibilityGlobals) = postSolution
		SolutionGuid = {06ED74B0-780F-4F1B-8B6D-3C733539D925}
	EndGlobalSection
EndGlobal
